
Microsoft Visual Studio Solution File, Format Version 12.00
# Visual Studio 15
VisualStudioVersion = 15.0.28010.2036
MinimumVisualStudioVersion = 10.0.40219.1
Project("{FAE04EC0-301F-11D3-BF4B-00C04F79EFBC}") = "ProxyInfoWeb", "ProxyInfoWeb.csproj", "{DE648D03-9FEA-41AA-BF27-37416DE699AA}"
EndProject
Global
	GlobalSection(SolutionConfigurationPlatforms) = preSolution
		Debug|Any CPU = Debug|Any CPU
		Release|Any CPU = Release|Any CPU
	EndGlobalSection
	GlobalSection(ProjectConfigurationPlatforms) = postSolution
		{DE648D03-9FEA-41AA-BF27-37416DE699AA}.Debug|Any CPU.ActiveCfg = Debug|Any CPU
		{DE648D03-9FEA-41AA-BF27-37416DE699AA}.Debug|Any CPU.Build.0 = Debug|Any CPU
		{DE648D03-9FEA-41AA-BF27-37416DE699AA}.Release|Any CPU.ActiveCfg = Release|Any CPU
		{DE648D03-9FEA-41AA-BF27-37416DE699AA}.Release|Any CPU.Build.0 = Release|Any CPU
	EndGlobalSection
	GlobalSection(SolutionProperties) = preSolution
		HideSolutionNode = FALSE
	EndGlobalSection
	GlobalSection(ExtensibilityGlobals) = postSolution
		SolutionGuid = {BD988308-9C31-46B0-91E8-315E21EEC40D}
	EndGlobalSection
EndGlobal
